
Microsoft Visual Studio Solution File, Format Version 12.00
# Visual Studio Version 16
VisualStudioVersion = 16.0.32929.386
MinimumVisualStudioVersion = 10.0.40219.1
Project("{FAE04EC0-301F-11D3-BF4B-00C04F79EFBC}") = "ancient_roman_script_insert", "ancient_roman_script_insert\ancient_roman_script_insert.csproj", "{DA6FB271-F413-48F1-A1EE-F4511FB15533}"
EndProject
Global
	GlobalSection(SolutionConfigurationPlatforms) = preSolution
		Debug|Any CPU = Debug|Any CPU
		Release|Any CPU = Release|Any CPU
	EndGlobalSection
	GlobalSection(ProjectConfigurationPlatforms) = postSolution
		{DA6FB271-F413-48F1-A1EE-F4511FB15533}.Debug|Any CPU.ActiveCfg = Debug|Any CPU
		{DA6FB271-F413-48F1-A1EE-F4511FB15533}.Debug|Any CPU.Build.0 = Debug|Any CPU
		{DA6FB271-F413-48F1-A1EE-F4511FB15533}.Release|Any CPU.ActiveCfg = Release|Any CPU
		{DA6FB271-F413-48F1-A1EE-F4511FB15533}.Release|Any CPU.Build.0 = Release|Any CPU
	EndGlobalSection
	GlobalSection(SolutionProperties) = preSolution
		HideSolutionNode = FALSE
	EndGlobalSection
	GlobalSection(ExtensibilityGlobals) = postSolution
		SolutionGuid = {EF9B927B-DCF6-4849-A65B-A56091604FA8}
	EndGlobalSection
EndGlobal
