
Microsoft Visual Studio Solution File, Format Version 12.00
# Visual Studio Version 16
VisualStudioVersion = 16.0.31321.278
MinimumVisualStudioVersion = 10.0.40219.1
Project("{FAE04EC0-301F-11D3-BF4B-00C04F79EFBC}") = "ancient_roman_script_extract", "ancient_roman_script_extract\ancient_roman_script_extract.csproj", "{B8716071-91D6-4BC3-9B4D-BB049BFEFA38}"
EndProject
Global
	GlobalSection(SolutionConfigurationPlatforms) = preSolution
		Debug|Any CPU = Debug|Any CPU
		Release|Any CPU = Release|Any CPU
	EndGlobalSection
	GlobalSection(ProjectConfigurationPlatforms) = postSolution
		{B8716071-91D6-4BC3-9B4D-BB049BFEFA38}.Debug|Any CPU.ActiveCfg = Debug|Any CPU
		{B8716071-91D6-4BC3-9B4D-BB049BFEFA38}.Debug|Any CPU.Build.0 = Debug|Any CPU
		{B8716071-91D6-4BC3-9B4D-BB049BFEFA38}.Release|Any CPU.ActiveCfg = Release|Any CPU
		{B8716071-91D6-4BC3-9B4D-BB049BFEFA38}.Release|Any CPU.Build.0 = Release|Any CPU
	EndGlobalSection
	GlobalSection(SolutionProperties) = preSolution
		HideSolutionNode = FALSE
	EndGlobalSection
	GlobalSection(ExtensibilityGlobals) = postSolution
		SolutionGuid = {63B39E68-77D1-4E90-950B-0EEC54E7AF5F}
	EndGlobalSection
EndGlobal
